
Microsoft Visual Studio Solution File, Format Version 12.00
# Visual Studio Version 17
VisualStudioVersion = 17.0.32014.148
MinimumVisualStudioVersion = 10.0.40219.1
Project("{9A19103F-16F7-4668-BE54-9A1E7A4F7556}") = "SmartWasteCollectionSystem", "SmartWasteCollectionSystem\SmartWasteCollectionSystem.csproj", "{F9E7E62F-3BCC-49B5-A684-1D97477D2E38}"
EndProject
Project("{9A19103F-16F7-4668-BE54-9A1E7A4F7556}") = "Data", "Data\Data.csproj", "{5FA7BE24-9257-41C7-A54C-6B19836C9A17}"
EndProject
Project("{FAE04EC0-301F-11D3-BF4B-00C04F79EFBC}") = "Entity", "Entity\Entity.csproj", "{9FD38CF9-1264-410C-A6D5-CCED78701579}"
EndProject
Project("{FAE04EC0-301F-11D3-BF4B-00C04F79EFBC}") = "Core", "Core\Core.csproj", "{68121538-70B4-4E81-87DC-0474A5692623}"
EndProject
Global
	GlobalSection(SolutionConfigurationPlatforms) = preSolution
		Debug|Any CPU = Debug|Any CPU
		Release|Any CPU = Release|Any CPU
	EndGlobalSection
	GlobalSection(ProjectConfigurationPlatforms) = postSolution
		{F9E7E62F-3BCC-49B5-A684-1D97477D2E38}.Debug|Any CPU.ActiveCfg = Debug|Any CPU
		{F9E7E62F-3BCC-49B5-A684-1D97477D2E38}.Debug|Any CPU.Build.0 = Debug|Any CPU
		{F9E7E62F-3BCC-49B5-A684-1D97477D2E38}.Release|Any CPU.ActiveCfg = Release|Any CPU
		{F9E7E62F-3BCC-49B5-A684-1D97477D2E38}.Release|Any CPU.Build.0 = Release|Any CPU
		{5FA7BE24-9257-41C7-A54C-6B19836C9A17}.Debug|Any CPU.ActiveCfg = Debug|Any CPU
		{5FA7BE24-9257-41C7-A54C-6B19836C9A17}.Debug|Any CPU.Build.0 = Debug|Any CPU
		{5FA7BE24-9257-41C7-A54C-6B19836C9A17}.Release|Any CPU.ActiveCfg = Release|Any CPU
		{5FA7BE24-9257-41C7-A54C-6B19836C9A17}.Release|Any CPU.Build.0 = Release|Any CPU
		{9FD38CF9-1264-410C-A6D5-CCED78701579}.Debug|Any CPU.ActiveCfg = Debug|Any CPU
		{9FD38CF9-1264-410C-A6D5-CCED78701579}.Debug|Any CPU.Build.0 = Debug|Any CPU
		{9FD38CF9-1264-410C-A6D5-CCED78701579}.Release|Any CPU.ActiveCfg = Release|Any CPU
		{9FD38CF9-1264-410C-A6D5-CCED78701579}.Release|Any CPU.Build.0 = Release|Any CPU
		{68121538-70B4-4E81-87DC-0474A5692623}.Debug|Any CPU.ActiveCfg = Debug|Any CPU
		{68121538-70B4-4E81-87DC-0474A5692623}.Debug|Any CPU.Build.0 = Debug|Any CPU
		{68121538-70B4-4E81-87DC-0474A5692623}.Release|Any CPU.ActiveCfg = Release|Any CPU
		{68121538-70B4-4E81-87DC-0474A5692623}.Release|Any CPU.Build.0 = Release|Any CPU
	EndGlobalSection
	GlobalSection(SolutionProperties) = preSolution
		HideSolutionNode = FALSE
	EndGlobalSection
	GlobalSection(ExtensibilityGlobals) = postSolution
		SolutionGuid = {E564737C-65BF-4D15-B8BC-1AE940A81479}
	EndGlobalSection
EndGlobal
